
Microsoft Visual Studio Solution File, Format Version 12.00
# Visual Studio Version 17
VisualStudioVersion = 17.2.32526.322
MinimumVisualStudioVersion = 10.0.40219.1
Project("{9A19103F-16F7-4668-BE54-9A1E7A4F7556}") = "PizzaShopWebApplication", "PizzaShopWebApplication\PizzaShopWebApplication.csproj", "{5C3C94F1-B093-4595-8BC2-A462339B53B2}"
EndProject
Global
	GlobalSection(SolutionConfigurationPlatforms) = preSolution
		Debug|Any CPU = Debug|Any CPU
		Debug|x64 = Debug|x64
		Debug|x86 = Debug|x86
		Release|Any CPU = Release|Any CPU
		Release|x64 = Release|x64
		Release|x86 = Release|x86
	EndGlobalSection
	GlobalSection(ProjectConfigurationPlatforms) = postSolution
		{5C3C94F1-B093-4595-8BC2-A462339B53B2}.Debug|Any CPU.ActiveCfg = Debug|Any CPU
		{5C3C94F1-B093-4595-8BC2-A462339B53B2}.Debug|Any CPU.Build.0 = Debug|Any CPU
		{5C3C94F1-B093-4595-8BC2-A462339B53B2}.Debug|x64.ActiveCfg = Debug|Any CPU
		{5C3C94F1-B093-4595-8BC2-A462339B53B2}.Debug|x64.Build.0 = Debug|Any CPU
		{5C3C94F1-B093-4595-8BC2-A462339B53B2}.Debug|x86.ActiveCfg = Debug|Any CPU
		{5C3C94F1-B093-4595-8BC2-A462339B53B2}.Debug|x86.Build.0 = Debug|Any CPU
		{5C3C94F1-B093-4595-8BC2-A462339B53B2}.Release|Any CPU.ActiveCfg = Release|Any CPU
		{5C3C94F1-B093-4595-8BC2-A462339B53B2}.Release|Any CPU.Build.0 = Release|Any CPU
		{5C3C94F1-B093-4595-8BC2-A462339B53B2}.Release|x64.ActiveCfg = Release|Any CPU
		{5C3C94F1-B093-4595-8BC2-A462339B53B2}.Release|x64.Build.0 = Release|Any CPU
		{5C3C94F1-B093-4595-8BC2-A462339B53B2}.Release|x86.ActiveCfg = Release|Any CPU
		{5C3C94F1-B093-4595-8BC2-A462339B53B2}.Release|x86.Build.0 = Release|Any CPU
	EndGlobalSection
	GlobalSection(SolutionProperties) = preSolution
		HideSolutionNode = FALSE
	EndGlobalSection
	GlobalSection(ExtensibilityGlobals) = postSolution
		SolutionGuid = {FFE7B77D-4588-43BD-BD1F-833AA4561899}
	EndGlobalSection
EndGlobal
