
Microsoft Visual Studio Solution File, Format Version 12.00
# Visual Studio Version 17
VisualStudioVersion = 17.2.32526.322
MinimumVisualStudioVersion = 10.0.40219.1
Project("{9A19103F-16F7-4668-BE54-9A1E7A4F7556}") = "BusinessObject", "BusinessObject\BusinessObject.csproj", "{2A3CE339-88A4-4A66-8F19-747BE0974611}"
EndProject
Project("{FAE04EC0-301F-11D3-BF4B-00C04F79EFBC}") = "DataAccess", "DataAccess\DataAccess.csproj", "{18B04258-1901-4C1A-B5EC-8C926BFE1AD1}"
EndProject
Project("{FAE04EC0-301F-11D3-BF4B-00C04F79EFBC}") = "eBookStoreWebAPI", "eBookStoreWebAPI\eBookStoreWebAPI.csproj", "{E2347524-2D56-4FEC-A0A8-30CE1973F9C0}"
EndProject
Project("{FAE04EC0-301F-11D3-BF4B-00C04F79EFBC}") = "eBookStore", "eBookStore\eBookStore.csproj", "{26D88F1D-FCFF-402D-8A5F-EF95A0FAEB8B}"
EndProject
Global
	GlobalSection(SolutionConfigurationPlatforms) = preSolution
		Debug|Any CPU = Debug|Any CPU
		Release|Any CPU = Release|Any CPU
	EndGlobalSection
	GlobalSection(ProjectConfigurationPlatforms) = postSolution
		{2A3CE339-88A4-4A66-8F19-747BE0974611}.Debug|Any CPU.ActiveCfg = Debug|Any CPU
		{2A3CE339-88A4-4A66-8F19-747BE0974611}.Debug|Any CPU.Build.0 = Debug|Any CPU
		{2A3CE339-88A4-4A66-8F19-747BE0974611}.Release|Any CPU.ActiveCfg = Release|Any CPU
		{2A3CE339-88A4-4A66-8F19-747BE0974611}.Release|Any CPU.Build.0 = Release|Any CPU
		{18B04258-1901-4C1A-B5EC-8C926BFE1AD1}.Debug|Any CPU.ActiveCfg = Debug|Any CPU
		{18B04258-1901-4C1A-B5EC-8C926BFE1AD1}.Debug|Any CPU.Build.0 = Debug|Any CPU
		{18B04258-1901-4C1A-B5EC-8C926BFE1AD1}.Release|Any CPU.ActiveCfg = Release|Any CPU
		{18B04258-1901-4C1A-B5EC-8C926BFE1AD1}.Release|Any CPU.Build.0 = Release|Any CPU
		{E2347524-2D56-4FEC-A0A8-30CE1973F9C0}.Debug|Any CPU.ActiveCfg = Debug|Any CPU
		{E2347524-2D56-4FEC-A0A8-30CE1973F9C0}.Debug|Any CPU.Build.0 = Debug|Any CPU
		{E2347524-2D56-4FEC-A0A8-30CE1973F9C0}.Release|Any CPU.ActiveCfg = Release|Any CPU
		{E2347524-2D56-4FEC-A0A8-30CE1973F9C0}.Release|Any CPU.Build.0 = Release|Any CPU
		{26D88F1D-FCFF-402D-8A5F-EF95A0FAEB8B}.Debug|Any CPU.ActiveCfg = Debug|Any CPU
		{26D88F1D-FCFF-402D-8A5F-EF95A0FAEB8B}.Debug|Any CPU.Build.0 = Debug|Any CPU
		{26D88F1D-FCFF-402D-8A5F-EF95A0FAEB8B}.Release|Any CPU.ActiveCfg = Release|Any CPU
		{26D88F1D-FCFF-402D-8A5F-EF95A0FAEB8B}.Release|Any CPU.Build.0 = Release|Any CPU
	EndGlobalSection
	GlobalSection(SolutionProperties) = preSolution
		HideSolutionNode = FALSE
	EndGlobalSection
	GlobalSection(ExtensibilityGlobals) = postSolution
		SolutionGuid = {9EDD4E77-4484-4E4A-87D7-D1AF66E054F6}
	EndGlobalSection
EndGlobal
